Microsoft Visual Studio Solution File, Format Version 12.00
# Visual Studio Version 17
VisualStudioVersion = 17.5.2.0
MinimumVisualStudioVersion = 10.0.40219.1
Project("{FAE04EC0-301F-11D3-BF4B-00C04F79EFBC}") = "RateMyTeacher", "RateMyTeacher.csproj", "{DE6B3EBE-0B33-5311-EC36-63F10BB13739}"
EndProject
Global
	GlobalSection(SolutionConfigurationPlatforms) = preSolution
		Debug|Any CPU = Debug|Any CPU
		Release|Any CPU = Release|Any CPU
	EndGlobalSection
	GlobalSection(ProjectConfigurationPlatforms) = postSolution
		{DE6B3EBE-0B33-5311-EC36-63F10BB13739}.Debug|Any CPU.ActiveCfg = Debug|Any CPU
		{DE6B3EBE-0B33-5311-EC36-63F10BB13739}.Debug|Any CPU.Build.0 = Debug|Any CPU
		{DE6B3EBE-0B33-5311-EC36-63F10BB13739}.Release|Any CPU.ActiveCfg = Release|Any CPU
		{DE6B3EBE-0B33-5311-EC36-63F10BB13739}.Release|Any CPU.Build.0 = Release|Any CPU
	EndGlobalSection
	GlobalSection(SolutionProperties) = preSolution
		HideSolutionNode = FALSE
	EndGlobalSection
	GlobalSection(ExtensibilityGlobals) = postSolution
		SolutionGuid = {BE0B7C57-2189-41A3-AF4E-134BE0495808}
	EndGlobalSection
EndGlobal
